// !$*UTF8*$!
{
	archiveVersion = 1;
	classes = {
	};
	objectVersion = 56;
	objects = {

/* Begin PBXBuildFile section */
		633134152C16A66F006229B8 /* Cyber_EdApp.swift in Sources */ = {isa = PBXBuildFile; fileRef = 633134142C16A66F006229B8 /* Cyber_EdApp.swift */; };
		633134172C16A66F006229B8 /* ContentView.swift in Sources */ = {isa = PBXBuildFile; fileRef = 633134162C16A66F006229B8 /* ContentView.swift */; };
		633134192C16A66F006229B8 /* Item.swift in Sources */ = {isa = PBXBuildFile; fileRef = 633134182C16A66F006229B8 /* Item.swift */; };
		6331341B2C16A671006229B8 /* Assets.xcassets in Resources */ = {isa = PBXBuildFile; fileRef = 6331341A2C16A671006229B8 /* Assets.xcassets */; };
		6331341E2C16A671006229B8 /* Preview Assets.xcassets in Resources */ = {isa = PBXBuildFile; fileRef = 6331341D2C16A671006229B8 /* Preview Assets.xcassets */; };
		633134282C16A671006229B8 /* Cyber_EdTests.swift in Sources */ = {isa = PBXBuildFile; fileRef = 633134272C16A671006229B8 /* Cyber_EdTests.swift */; };
		633134322C16A671006229B8 /* Cyber_EdUITests.swift in Sources */ = {isa = PBXBuildFile; fileRef = 633134312C16A671006229B8 /* Cyber_EdUITests.swift */; };
		633134342C16A671006229B8 /* Cyber_EdUITestsLaunchTests.swift in Sources */ = {isa = PBXBuildFile; fileRef = 633134332C16A671006229B8 /* Cyber_EdUITestsLaunchTests.swift */; };
		633134412C16A6A3006229B8 /* MainPageView.swift in Sources */ = {isa = PBXBuildFile; fileRef = 633134402C16A6A3006229B8 /* MainPageView.swift */; };
		633134432C16A7F6006229B8 /* secondpageview.swift in Sources */ = {isa = PBXBuildFile; fileRef = 633134422C16A7F6006229B8 /* secondpageview.swift */; };
		633134552C1F9DEF006229B8 /* CyberAdvancedView.swift in Sources */ = {isa = PBXBuildFile; fileRef = 633134542C1F9DEF006229B8 /* CyberAdvancedView.swift */; };
		633134572C1F9E42006229B8 /* PivotingFieldView.swift in Sources */ = {isa = PBXBuildFile; fileRef = 633134562C1F9E42006229B8 /* PivotingFieldView.swift */; };
		633134592C1F9E63006229B8 /* CyberExecutiveView.swift in Sources */ = {isa = PBXBuildFile; fileRef = 633134582C1F9E63006229B8 /* CyberExecutiveView.swift */; };
		6331345B2C1FAFCE006229B8 /* CyberIntermediateView.swift in Sources */ = {isa = PBXBuildFile; fileRef = 6331345A2C1FAFCD006229B8 /* CyberIntermediateView.swift */; };
		63F6E36E2C44B40B004C83EB /* YoutubeChannelsView .swift in Sources */ = {isa = PBXBuildFile; fileRef = 63F6E36D2C44B40B004C83EB /* YoutubeChannelsView .swift */; };
		63F6E3702C44B49F004C83EB /* CertificationRecommendationsView .swift in Sources */ = {isa = PBXBuildFile; fileRef = 63F6E36F2C44B49F004C83EB /* CertificationRecommendationsView .swift */; };
		63F6E3722C44B4B7004C83EB /* onlineLabsView.swift in Sources */ = {isa = PBXBuildFile; fileRef = 63F6E3712C44B4B7004C83EB /* onlineLabsView.swift */; };
		63F6E3742C44B4F2004C83EB /* certificationsView.swift in Sources */ = {isa = PBXBuildFile; fileRef = 63F6E3732C44B4F2004C83EB /* certificationsView.swift */; };
		63F6E3762C44B508004C83EB /* handsOnPracticeView.swift in Sources */ = {isa = PBXBuildFile; fileRef = 63F6E3752C44B508004C83EB /* handsOnPracticeView.swift */; };
		63F6E3782C44B51E004C83EB /* booksView.swift in Sources */ = {isa = PBXBuildFile; fileRef = 63F6E3772C44B51E004C83EB /* booksView.swift */; };
		63F6E37A2C44CFCC004C83EB /* podcastsView .swift in Sources */ = {isa = PBXBuildFile; fileRef = 63F6E3792C44CFCC004C83EB /* podcastsView .swift */; };
		63F6E37C2C44CFDC004C83EB /* reportsView.swift in Sources */ = {isa = PBXBuildFile; fileRef = 63F6E37B2C44CFDC004C83EB /* reportsView.swift */; };
		63F6E37E2C44CFF2004C83EB /* articlesView.swift in Sources */ = {isa = PBXBuildFile; fileRef = 63F6E37D2C44CFF2004C83EB /* articlesView.swift */; };
		63F6E3802C45F22C004C83EB /* loginpageview.swift in Sources */ = {isa = PBXBuildFile; fileRef = 63F6E37F2C45F22C004C83EB /* loginpageview.swift */; };
/* End PBXBuildFile section */

/* Begin PBXContainerItemProxy section */
		633134242C16A671006229B8 /* PBXContainerItemProxy */ = {
			isa = PBXContainerItemProxy;
			containerPortal = 633134092C16A66F006229B8 /* Project object */;
			proxyType = 1;
			remoteGlobalIDString = 633134102C16A66F006229B8;
			remoteInfo = "Cyber Ed";
		};
		6331342E2C16A671006229B8 /* PBXContainerItemProxy */ = {
			isa = PBXContainerItemProxy;
			containerPortal = 633134092C16A66F006229B8 /* Project object */;
			proxyType = 1;
			remoteGlobalIDString = 633134102C16A66F006229B8;
			remoteInfo = "Cyber Ed";
		};
/* End PBXContainerItemProxy section */

/* Begin PBXFileReference section */
		633134112C16A66F006229B8 /* Cyber Ed.app */ = {isa = PBXFileReference; explicitFileType = wrapper.application; includeInIndex = 0; path = "Cyber Ed.app"; sourceTree = BUILT_PRODUCTS_DIR; };
		633134142C16A66F006229B8 /* Cyber_EdApp.swift */ = {isa = PBXFileReference; lastKnownFileType = sourcecode.swift; path = Cyber_EdApp.swift; sourceTree = "<group>"; };
		633134162C16A66F006229B8 /* ContentView.swift */ = {isa = PBXFileReference; lastKnownFileType = sourcecode.swift; path = ContentView.swift; sourceTree = "<group>"; };
		633134182C16A66F006229B8 /* Item.swift */ = {isa = PBXFileReference; lastKnownFileType = sourcecode.swift; path = Item.swift; sourceTree = "<group>"; };
		6331341A2C16A671006229B8 /* Assets.xcassets */ = {isa = PBXFileReference; lastKnownFileType = folder.assetcatalog; path = Assets.xcassets; sourceTree = "<group>"; };
		6331341D2C16A671006229B8 /* Preview Assets.xcassets */ = {isa = PBXFileReference; lastKnownFileType = folder.assetcatalog; path = "Preview Assets.xcassets"; sourceTree = "<group>"; };
		633134232C16A671006229B8 /* Cyber EdTests.xctest */ = {isa = PBXFileReference; explicitFileType = wrapper.cfbundle; includeInIndex = 0; path = "Cyber EdTests.xctest"; sourceTree = BUILT_PRODUCTS_DIR; };
		633134272C16A671006229B8 /* Cyber_EdTests.swift */ = {isa = PBXFileReference; lastKnownFileType = sourcecode.swift; path = Cyber_EdTests.swift; sourceTree = "<group>"; };
		6331342D2C16A671006229B8 /* Cyber EdUITests.xctest */ = {isa = PBXFileReference; explicitFileType = wrapper.cfbundle; includeInIndex = 0; path = "Cyber EdUITests.xctest"; sourceTree = BUILT_PRODUCTS_DIR; };
		633134312C16A671006229B8 /* Cyber_EdUITests.swift */ = {isa = PBXFileReference; lastKnownFileType = sourcecode.swift; path = Cyber_EdUITests.swift; sourceTree = "<group>"; };
		633134332C16A671006229B8 /* Cyber_EdUITestsLaunchTests.swift */ = {isa = PBXFileReference; lastKnownFileType = sourcecode.swift; path = Cyber_EdUITestsLaunchTests.swift; sourceTree = "<group>"; };
		633134402C16A6A3006229B8 /* MainPageView.swift */ = {isa = PBXFileReference; lastKnownFileType = sourcecode.swift; path = MainPageView.swift; sourceTree = "<group>"; };
		633134422C16A7F6006229B8 /* secondpageview.swift */ = {isa = PBXFileReference; lastKnownFileType = sourcecode.swift; path = secondpageview.swift; sourceTree = "<group>"; };
		633134542C1F9DEF006229B8 /* CyberAdvancedView.swift */ = {isa = PBXFileReference; lastKnownFileType = sourcecode.swift; path = CyberAdvancedView.swift; sourceTree = "<group>"; };
		633134562C1F9E42006229B8 /* PivotingFieldView.swift */ = {isa = PBXFileReference; lastKnownFileType = sourcecode.swift; path = PivotingFieldView.swift; sourceTree = "<group>"; };
		633134582C1F9E63006229B8 /* CyberExecutiveView.swift */ = {isa = PBXFileReference; lastKnownFileType = sourcecode.swift; path = CyberExecutiveView.swift; sourceTree = "<group>"; };
		6331345A2C1FAFCD006229B8 /* CyberIntermediateView.swift */ = {isa = PBXFileReference; lastKnownFileType = sourcecode.swift; path = CyberIntermediateView.swift; sourceTree = "<group>"; };
		63F6E36D2C44B40B004C83EB /* YoutubeChannelsView .swift */ = {isa = PBXFileReference; lastKnownFileType = sourcecode.swift; path = "YoutubeChannelsView .swift"; sourceTree = "<group>"; };
		63F6E36F2C44B49F004C83EB /* CertificationRecommendationsView .swift */ = {isa = PBXFileReference; lastKnownFileType = sourcecode.swift; path = "CertificationRecommendationsView .swift"; sourceTree = "<group>"; };
		63F6E3712C44B4B7004C83EB /* onlineLabsView.swift */ = {isa = PBXFileReference; lastKnownFileType = sourcecode.swift; path = onlineLabsView.swift; sourceTree = "<group>"; };
		63F6E3732C44B4F2004C83EB /* certificationsView.swift */ = {isa = PBXFileReference; lastKnownFileType = sourcecode.swift; path = certificationsView.swift; sourceTree = "<group>"; };
		63F6E3752C44B508004C83EB /* handsOnPracticeView.swift */ = {isa = PBXFileReference; lastKnownFileType = sourcecode.swift; path = handsOnPracticeView.swift; sourceTree = "<group>"; };
		63F6E3772C44B51E004C83EB /* booksView.swift */ = {isa = PBXFileReference; lastKnownFileType = sourcecode.swift; path = booksView.swift; sourceTree = "<group>"; };
		63F6E3792C44CFCC004C83EB /* podcastsView .swift */ = {isa = PBXFileReference; lastKnownFileType = sourcecode.swift; path = "podcastsView .swift"; sourceTree = "<group>"; };
		63F6E37B2C44CFDC004C83EB /* reportsView.swift */ = {isa = PBXFileReference; lastKnownFileType = sourcecode.swift; path = reportsView.swift; sourceTree = "<group>"; };
		63F6E37D2C44CFF2004C83EB /* articlesView.swift */ = {isa = PBXFileReference; lastKnownFileType = sourcecode.swift; path = articlesView.swift; sourceTree = "<group>"; };
		63F6E37F2C45F22C004C83EB /* loginpageview.swift */ = {isa = PBXFileReference; lastKnownFileType = sourcecode.swift; path = loginpageview.swift; sourceTree = "<group>"; };
/* End PBXFileReference section */

/* Begin PBXFrameworksBuildPhase section */
		6331340E2C16A66F006229B8 /* Frameworks */ = {
			isa = PBXFrameworksBuildPhase;
			buildActionMask = 2147483647;
			files = (
			);
			runOnlyForDeploymentPostprocessing = 0;
		};
		633134202C16A671006229B8 /* Frameworks */ = {
			isa = PBXFrameworksBuildPhase;
			buildActionMask = 2147483647;
			files = (
			);
			runOnlyForDeploymentPostprocessing = 0;
		};
		6331342A2C16A671006229B8 /* Frameworks */ = {
			isa = PBXFrameworksBuildPhase;
			buildActionMask = 2147483647;
			files = (
			);
			runOnlyForDeploymentPostprocessing = 0;
		};
/* End PBXFrameworksBuildPhase section */

/* Begin PBXGroup section */
		633134082C16A66F006229B8 = {
			isa = PBXGroup;
			children = (
				633134132C16A66F006229B8 /* Cyber Ed */,
				633134262C16A671006229B8 /* Cyber EdTests */,
				633134302C16A671006229B8 /* Cyber EdUITests */,
				633134122C16A66F006229B8 /* Products */,
			);
			sourceTree = "<group>";
		};
		633134122C16A66F006229B8 /* Products */ = {
			isa = PBXGroup;
			children = (
				633134112C16A66F006229B8 /* Cyber Ed.app */,
				633134232C16A671006229B8 /* Cyber EdTests.xctest */,
				6331342D2C16A671006229B8 /* Cyber EdUITests.xctest */,
			);
			name = Products;
			sourceTree = "<group>";
		};
		633134132C16A66F006229B8 /* Cyber Ed */ = {
			isa = PBXGroup;
			children = (
				633134142C16A66F006229B8 /* Cyber_EdApp.swift */,
				633134162C16A66F006229B8 /* ContentView.swift */,
				633134402C16A6A3006229B8 /* MainPageView.swift */,
				63F6E37F2C45F22C004C83EB /* loginpageview.swift */,
				633134422C16A7F6006229B8 /* secondpageview.swift */,
				633134562C1F9E42006229B8 /* PivotingFieldView.swift */,
				63F6E36D2C44B40B004C83EB /* YoutubeChannelsView .swift */,
				63F6E36F2C44B49F004C83EB /* CertificationRecommendationsView .swift */,
				63F6E3712C44B4B7004C83EB /* onlineLabsView.swift */,
				6331345A2C1FAFCD006229B8 /* CyberIntermediateView.swift */,
				63F6E3732C44B4F2004C83EB /* certificationsView.swift */,
				63F6E3752C44B508004C83EB /* handsOnPracticeView.swift */,
				63F6E3772C44B51E004C83EB /* booksView.swift */,
				633134542C1F9DEF006229B8 /* CyberAdvancedView.swift */,
				63F6E37B2C44CFDC004C83EB /* reportsView.swift */,
				63F6E3792C44CFCC004C83EB /* podcastsView .swift */,
				63F6E37D2C44CFF2004C83EB /* articlesView.swift */,
				633134582C1F9E63006229B8 /* CyberExecutiveView.swift */,
				633134182C16A66F006229B8 /* Item.swift */,
				6331341A2C16A671006229B8 /* Assets.xcassets */,
				6331341C2C16A671006229B8 /* Preview Content */,
			);
			path = "Cyber Ed";
			sourceTree = "<group>";
		};
		6331341C2C16A671006229B8 /* Preview Content */ = {
			isa = PBXGroup;
			children = (
				6331341D2C16A671006229B8 /* Preview Assets.xcassets */,
			);
			path = "Preview Content";
			sourceTree = "<group>";
		};
		633134262C16A671006229B8 /* Cyber EdTests */ = {
			isa = PBXGroup;
			children = (
				633134272C16A671006229B8 /* Cyber_EdTests.swift */,
			);
			path = "Cyber EdTests";
			sourceTree = "<group>";
		};
		633134302C16A671006229B8 /* Cyber EdUITests */ = {
			isa = PBXGroup;
			children = (
				633134312C16A671006229B8 /* Cyber_EdUITests.swift */,
				633134332C16A671006229B8 /* Cyber_EdUITestsLaunchTests.swift */,
			);
			path = "Cyber EdUITests";
			sourceTree = "<group>";
		};
/* End PBXGroup section */

/* Begin PBXNativeTarget section */
		633134102C16A66F006229B8 /* Cyber Ed */ = {
			isa = PBXNativeTarget;
			buildConfigurationList = 633134372C16A671006229B8 /* Build configuration list for PBXNativeTarget "Cyber Ed" */;
			buildPhases = (
				6331340D2C16A66F006229B8 /* Sources */,
				6331340E2C16A66F006229B8 /* Frameworks */,
				6331340F2C16A66F006229B8 /* Resources */,
			);
			buildRules = (
			);
			dependencies = (
			);
			name = "Cyber Ed";
			productName = "Cyber Ed";
			productReference = 633134112C16A66F006229B8 /* Cyber Ed.app */;
			productType = "com.apple.product-type.application";
		};
		633134222C16A671006229B8 /* Cyber EdTests */ = {
			isa = PBXNativeTarget;
			buildConfigurationList = 6331343A2C16A671006229B8 /* Build configuration list for PBXNativeTarget "Cyber EdTests" */;
			buildPhases = (
				6331341F2C16A671006229B8 /* Sources */,
				633134202C16A671006229B8 /* Frameworks */,
				633134212C16A671006229B8 /* Resources */,
			);
			buildRules = (
			);
			dependencies = (
				633134252C16A671006229B8 /* PBXTargetDependency */,
			);
			name = "Cyber EdTests";
			productName = "Cyber EdTests";
			productReference = 633134232C16A671006229B8 /* Cyber EdTests.xctest */;
			productType = "com.apple.product-type.bundle.unit-test";
		};
		6331342C2C16A671006229B8 /* Cyber EdUITests */ = {
			isa = PBXNativeTarget;
			buildConfigurationList = 6331343D2C16A671006229B8 /* Build configuration list for PBXNativeTarget "Cyber EdUITests" */;
			buildPhases = (
				633134292C16A671006229B8 /* Sources */,
				6331342A2C16A671006229B8 /* Frameworks */,
				6331342B2C16A671006229B8 /* Resources */,
			);
			buildRules = (
			);
			dependencies = (
				6331342F2C16A671006229B8 /* PBXTargetDependency */,
			);
			name = "Cyber EdUITests";
			productName = "Cyber EdUITests";
			productReference = 6331342D2C16A671006229B8 /* Cyber EdUITests.xctest */;
			productType = "com.apple.product-type.bundle.ui-testing";
		};
/* End PBXNativeTarget section */

/* Begin PBXProject section */
		633134092C16A66F006229B8 /* Project object */ = {
			isa = PBXProject;
			attributes = {
				BuildIndependentTargetsInParallel = 1;
				LastSwiftUpdateCheck = 1540;
				LastUpgradeCheck = 1540;
				TargetAttributes = {
					633134102C16A66F006229B8 = {
						CreatedOnToolsVersion = 15.4;
					};
					633134222C16A671006229B8 = {
						CreatedOnToolsVersion = 15.4;
						TestTargetID = 633134102C16A66F006229B8;
					};
					6331342C2C16A671006229B8 = {
						CreatedOnToolsVersion = 15.4;
						TestTargetID = 633134102C16A66F006229B8;
					};
				};
			};
			buildConfigurationList = 6331340C2C16A66F006229B8 /* Build configuration list for PBXProject "Cyber Ed" */;
			compatibilityVersion = "Xcode 14.0";
			developmentRegion = en;
			hasScannedForEncodings = 0;
			knownRegions = (
				en,
				Base,
			);
			mainGroup = 633134082C16A66F006229B8;
			productRefGroup = 633134122C16A66F006229B8 /* Products */;
			projectDirPath = "";
			projectRoot = "";
			targets = (
				633134102C16A66F006229B8 /* Cyber Ed */,
				633134222C16A671006229B8 /* Cyber EdTests */,
				6331342C2C16A671006229B8 /* Cyber EdUITests */,
			);
		};
/* End PBXProject section */

/* Begin PBXResourcesBuildPhase section */
		6331340F2C16A66F006229B8 /* Resources */ = {
			isa = PBXResourcesBuildPhase;
			buildActionMask = 2147483647;
			files = (
				6331341E2C16A671006229B8 /* Preview Assets.xcassets in Resources */,
				6331341B2C16A671006229B8 /* Assets.xcassets in Resources */,
			);
			runOnlyForDeploymentPostprocessing = 0;
		};
		633134212C16A671006229B8 /* Resources */ = {
			isa = PBXResourcesBuildPhase;
			buildActionMask = 2147483647;
			files = (
			);
			runOnlyForDeploymentPostprocessing = 0;
		};
		6331342B2C16A671006229B8 /* Resources */ = {
			isa = PBXResourcesBuildPhase;
			buildActionMask = 2147483647;
			files = (
			);
			runOnlyForDeploymentPostprocessing = 0;
		};
/* End PBXResourcesBuildPhase section */

/* Begin PBXSourcesBuildPhase section */
		6331340D2C16A66F006229B8 /* Sources */ = {
			isa = PBXSourcesBuildPhase;
			buildActionMask = 2147483647;
			files = (
				633134432C16A7F6006229B8 /* secondpageview.swift in Sources */,
				63F6E3702C44B49F004C83EB /* CertificationRecommendationsView .swift in Sources */,
				633134572C1F9E42006229B8 /* PivotingFieldView.swift in Sources */,
				6331345B2C1FAFCE006229B8 /* CyberIntermediateView.swift in Sources */,
				63F6E37E2C44CFF2004C83EB /* articlesView.swift in Sources */,
				633134172C16A66F006229B8 /* ContentView.swift in Sources */,
				63F6E36E2C44B40B004C83EB /* YoutubeChannelsView .swift in Sources */,
				633134592C1F9E63006229B8 /* CyberExecutiveView.swift in Sources */,
				63F6E3782C44B51E004C83EB /* booksView.swift in Sources */,
				633134192C16A66F006229B8 /* Item.swift in Sources */,
				633134412C16A6A3006229B8 /* MainPageView.swift in Sources */,
				63F6E3722C44B4B7004C83EB /* onlineLabsView.swift in Sources */,
				63F6E37C2C44CFDC004C83EB /* reportsView.swift in Sources */,
				63F6E3802C45F22C004C83EB /* loginpageview.swift in Sources */,
				63F6E37A2C44CFCC004C83EB /* podcastsView .swift in Sources */,
				633134152C16A66F006229B8 /* Cyber_EdApp.swift in Sources */,
				633134552C1F9DEF006229B8 /* CyberAdvancedView.swift in Sources */,
				63F6E3742C44B4F2004C83EB /* certificationsView.swift in Sources */,
				63F6E3762C44B508004C83EB /* handsOnPracticeView.swift in Sources */,
			);
			runOnlyForDeploymentPostprocessing = 0;
		};
		6331341F2C16A671006229B8 /* Sources */ = {
			isa = PBXSourcesBuildPhase;
			buildActionMask = 2147483647;
			files = (
				633134282C16A671006229B8 /* Cyber_EdTests.swift in Sources */,
			);
			runOnlyForDeploymentPostprocessing = 0;
		};
		633134292C16A671006229B8 /* Sources */ = {
			isa = PBXSourcesBuildPhase;
			buildActionMask = 2147483647;
			files = (
				633134342C16A671006229B8 /* Cyber_EdUITestsLaunchTests.swift in Sources */,
				633134322C16A671006229B8 /* Cyber_EdUITests.swift in Sources */,
			);
			runOnlyForDeploymentPostprocessing = 0;
		};
/* End PBXSourcesBuildPhase section */

/* Begin PBXTargetDependency section */
		633134252C16A671006229B8 /* PBXTargetDependency */ = {
			isa = PBXTargetDependency;
			target = 633134102C16A66F006229B8 /* Cyber Ed */;
			targetProxy = 633134242C16A671006229B8 /* PBXContainerItemProxy */;
		};
		6331342F2C16A671006229B8 /* PBXTargetDependency */ = {
			isa = PBXTargetDependency;
			target = 633134102C16A66F006229B8 /* Cyber Ed */;
			targetProxy = 6331342E2C16A671006229B8 /* PBXContainerItemProxy */;
		};
/* End PBXTargetDependency section */

/* Begin XCBuildConfiguration section */
		633134352C16A671006229B8 /* Debug */ = {
			isa = XCBuildConfiguration;
			buildSettings = {
				ALWAYS_SEARCH_USER_PATHS = NO;
				ASSETCATALOG_COMPILER_GENERATE_SWIFT_ASSET_SYMBOL_EXTENSIONS = YES;
				CLANG_ANALYZER_NONNULL = YES;
				CLANG_ANALYZER_NUMBER_OBJECT_CONVERSION = YES_AGGRESSIVE;
				CLANG_CXX_LANGUAGE_STANDARD = "gnu++20";
				CLANG_ENABLE_MODULES = YES;
				CLANG_ENABLE_OBJC_ARC = YES;
				CLANG_ENABLE_OBJC_WEAK = YES;
				CLANG_WARN_BLOCK_CAPTURE_AUTORELEASING = YES;
				CLANG_WARN_BOOL_CONVERSION = YES;
				CLANG_WARN_COMMA = YES;
				CLANG_WARN_CONSTANT_CONVERSION = YES;
				CLANG_WARN_DEPRECATED_OBJC_IMPLEMENTATIONS = YES;
				CLANG_WARN_DIRECT_OBJC_ISA_USAGE = YES_ERROR;
				CLANG_WARN_DOCUMENTATION_COMMENTS = YES;
				CLANG_WARN_EMPTY_BODY = YES;
				CLANG_WARN_ENUM_CONVERSION = YES;
				CLANG_WARN_INFINITE_RECURSION = YES;
				CLANG_WARN_INT_CONVERSION = YES;
				CLANG_WARN_NON_LITERAL_NULL_CONVERSION = YES;
				CLANG_WARN_OBJC_IMPLICIT_RETAIN_SELF = YES;
				CLANG_WARN_OBJC_LITERAL_CONVERSION = YES;
				CLANG_WARN_OBJC_ROOT_CLASS = YES_ERROR;
				CLANG_WARN_QUOTED_INCLUDE_IN_FRAMEWORK_HEADER = YES;
				CLANG_WARN_RANGE_LOOP_ANALYSIS = YES;
				CLANG_WARN_STRICT_PROTOTYPES = YES;
				CLANG_WARN_SUSPICIOUS_MOVE = YES;
				CLANG_WARN_UNGUARDED_AVAILABILITY = YES_AGGRESSIVE;
				CLANG_WARN_UNREACHABLE_CODE = YES;
				CLANG_WARN__DUPLICATE_METHOD_MATCH = YES;
				COPY_PHASE_STRIP = NO;
				DEBUG_INFORMATION_FORMAT = dwarf;
				ENABLE_STRICT_OBJC_MSGSEND = YES;
				ENABLE_TESTABILITY = YES;
				ENABLE_USER_SCRIPT_SANDBOXING = YES;
				GCC_C_LANGUAGE_STANDARD = gnu17;
				GCC_DYNAMIC_NO_PIC = NO;
				GCC_NO_COMMON_BLOCKS = YES;
				GCC_OPTIMIZATION_LEVEL = 0;
				GCC_PREPROCESSOR_DEFINITIONS = (
					"DEBUG=1",
					"$(inherited)",
				);
				GCC_WARN_64_TO_32_BIT_CONVERSION = YES;
				GCC_WARN_ABOUT_RETURN_TYPE = YES_ERROR;
				GCC_WARN_UNDECLARED_SELECTOR = YES;
				GCC_WARN_UNINITIALIZED_AUTOS = YES_AGGRESSIVE;
				GCC_WARN_UNUSED_FUNCTION = YES;
				GCC_WARN_UNUSED_VARIABLE = YES;
				IPHONEOS_DEPLOYMENT_TARGET = 17.5;
				LOCALIZATION_PREFERS_STRING_CATALOGS = YES;
				MTL_ENABLE_DEBUG_INFO = INCLUDE_SOURCE;
				MTL_FAST_MATH = YES;
				ONLY_ACTIVE_ARCH = YES;
				SDKROOT = iphoneos;
				SWIFT_ACTIVE_COMPILATION_CONDITIONS = "DEBUG $(inherited)";
				SWIFT_OPTIMIZATION_LEVEL = "-Onone";
			};
			name = Debug;
		};
		633134362C16A671006229B8 /* Release */ = {
			isa = XCBuildConfiguration;
			buildSettings = {
				ALWAYS_SEARCH_USER_PATHS = NO;
				ASSETCATALOG_COMPILER_GENERATE_SWIFT_ASSET_SYMBOL_EXTENSIONS = YES;
				CLANG_ANALYZER_NONNULL = YES;
				CLANG_ANALYZER_NUMBER_OBJECT_CONVERSION = YES_AGGRESSIVE;
				CLANG_CXX_LANGUAGE_STANDARD = "gnu++20";
				CLANG_ENABLE_MODULES = YES;
				CLANG_ENABLE_OBJC_ARC = YES;
				CLANG_ENABLE_OBJC_WEAK = YES;
				CLANG_WARN_BLOCK_CAPTURE_AUTORELEASING = YES;
				CLANG_WARN_BOOL_CONVERSION = YES;
				CLANG_WARN_COMMA = YES;
				CLANG_WARN_CONSTANT_CONVERSION = YES;
				CLANG_WARN_DEPRECATED_OBJC_IMPLEMENTATIONS = YES;
				CLANG_WARN_DIRECT_OBJC_ISA_USAGE = YES_ERROR;
				CLANG_WARN_DOCUMENTATION_COMMENTS = YES;
				CLANG_WARN_EMPTY_BODY = YES;
				CLANG_WARN_ENUM_CONVERSION = YES;
				CLANG_WARN_INFINITE_RECURSION = YES;
				CLANG_WARN_INT_CONVERSION = YES;
				CLANG_WARN_NON_LITERAL_NULL_CONVERSION = YES;
				CLANG_WARN_OBJC_IMPLICIT_RETAIN_SELF = YES;
				CLANG_WARN_OBJC_LITERAL_CONVERSION = YES;
				CLANG_WARN_OBJC_ROOT_CLASS = YES_ERROR;
				CLANG_WARN_QUOTED_INCLUDE_IN_FRAMEWORK_HEADER = YES;
				CLANG_WARN_RANGE_LOOP_ANALYSIS = YES;
				CLANG_WARN_STRICT_PROTOTYPES = YES;
				CLANG_WARN_SUSPICIOUS_MOVE = YES;
				CLANG_WARN_UNGUARDED_AVAILABILITY = YES_AGGRESSIVE;
				CLANG_WARN_UNREACHABLE_CODE = YES;
				CLANG_WARN__DUPLICATE_METHOD_MATCH = YES;
				COPY_PHASE_STRIP = NO;
				DEBUG_INFORMATION_FORMAT = "dwarf-with-dsym";
				ENABLE_NS_ASSERTIONS = NO;
				ENABLE_STRICT_OBJC_MSGSEND = YES;
				ENABLE_USER_SCRIPT_SANDBOXING = YES;
				GCC_C_LANGUAGE_STANDARD = gnu17;
				GCC_NO_COMMON_BLOCKS = YES;
				GCC_WARN_64_TO_32_BIT_CONVERSION = YES;
				GCC_WARN_ABOUT_RETURN_TYPE = YES_ERROR;
				GCC_WARN_UNDECLARED_SELECTOR = YES;
				GCC_WARN_UNINITIALIZED_AUTOS = YES_AGGRESSIVE;
				GCC_WARN_UNUSED_FUNCTION = YES;
				GCC_WARN_UNUSED_VARIABLE = YES;
				IPHONEOS_DEPLOYMENT_TARGET = 17.5;
				LOCALIZATION_PREFERS_STRING_CATALOGS = YES;
				MTL_ENABLE_DEBUG_INFO = NO;
				MTL_FAST_MATH = YES;
				SDKROOT = iphoneos;
				SWIFT_COMPILATION_MODE = wholemodule;
				VALIDATE_PRODUCT = YES;
			};
			name = Release;
		};
		633134382C16A671006229B8 /* Debug */ = {
			isa = XCBuildConfiguration;
			buildSettings = {
				ASSETCATALOG_COMPILER_APPICON_NAME = AppIcon;
				ASSETCATALOG_COMPILER_GLOBAL_ACCENT_COLOR_NAME = AccentColor;
				CODE_SIGN_STYLE = Automatic;
				CURRENT_PROJECT_VERSION = 1;
				DEVELOPMENT_ASSET_PATHS = "\"Cyber Ed/Preview Content\"";
				DEVELOPMENT_TEAM = NPLL7F7QM5;
				ENABLE_PREVIEWS = YES;
				GENERATE_INFOPLIST_FILE = YES;
				INFOPLIST_KEY_UIApplicationSceneManifest_Generation = YES;
				INFOPLIST_KEY_UIApplicationSupportsIndirectInputEvents = YES;
				INFOPLIST_KEY_UILaunchScreen_Generation = YES;
				INFOPLIST_KEY_UISupportedInterfaceOrientations_iPad = "UIInterfaceOrientationPortrait UIInterfaceOrientationPortraitUpsideDown UIInterfaceOrientationLandscapeLeft UIInterfaceOrientationLandscapeRight";
				INFOPLIST_KEY_UISupportedInterfaceOrientations_iPhone = "UIInterfaceOrientationPortrait UIInterfaceOrientationLandscapeLeft UIInterfaceOrientationLandscapeRight";
				LD_RUNPATH_SEARCH_PATHS = (
					"$(inherited)",
					"@executable_path/Frameworks",
				);
				MARKETING_VERSION = 1.0;
				PRODUCT_BUNDLE_IDENTIFIER = "ghp-DSlLt2eMqimaDEo85zw1h4P0004cIZ16vrwq.Cyber-Ed";
				PRODUCT_NAME = "$(TARGET_NAME)";
				SWIFT_EMIT_LOC_STRINGS = YES;
				SWIFT_VERSION = 5.0;
				TARGETED_DEVICE_FAMILY = "1,2";
			};
			name = Debug;
		};
		633134392C16A671006229B8 /* Release */ = {
			isa = XCBuildConfiguration;
			buildSettings = {
				ASSETCATALOG_COMPILER_APPICON_NAME = AppIcon;
				ASSETCATALOG_COMPILER_GLOBAL_ACCENT_COLOR_NAME = AccentColor;
				CODE_SIGN_STYLE = Automatic;
				CURRENT_PROJECT_VERSION = 1;
				DEVELOPMENT_ASSET_PATHS = "\"Cyber Ed/Preview Content\"";
				DEVELOPMENT_TEAM = NPLL7F7QM5;
				ENABLE_PREVIEWS = YES;
				GENERATE_INFOPLIST_FILE = YES;
				INFOPLIST_KEY_UIApplicationSceneManifest_Generation = YES;
				INFOPLIST_KEY_UIApplicationSupportsIndirectInputEvents = YES;
				INFOPLIST_KEY_UILaunchScreen_Generation = YES;
				INFOPLIST_KEY_UISupportedInterfaceOrientations_iPad = "UIInterfaceOrientationPortrait UIInterfaceOrientationPortraitUpsideDown UIInterfaceOrientationLandscapeLeft UIInterfaceOrientationLandscapeRight";
				INFOPLIST_KEY_UISupportedInterfaceOrientations_iPhone = "UIInterfaceOrientationPortrait UIInterfaceOrientationLandscapeLeft UIInterfaceOrientationLandscapeRight";
				LD_RUNPATH_SEARCH_PATHS = (
					"$(inherited)",
					"@executable_path/Frameworks",
				);
				MARKETING_VERSION = 1.0;
				PRODUCT_BUNDLE_IDENTIFIER = "ghp-DSlLt2eMqimaDEo85zw1h4P0004cIZ16vrwq.Cyber-Ed";
				PRODUCT_NAME = "$(TARGET_NAME)";
				SWIFT_EMIT_LOC_STRINGS = YES;
				SWIFT_VERSION = 5.0;
				TARGETED_DEVICE_FAMILY = "1,2";
			};
			name = Release;
		};
		6331343B2C16A671006229B8 /* Debug */ = {
			isa = XCBuildConfiguration;
			buildSettings = {
				ALWAYS_EMBED_SWIFT_STANDARD_LIBRARIES = YES;
				BUNDLE_LOADER = "$(TEST_HOST)";
				CODE_SIGN_STYLE = Automatic;
				CURRENT_PROJECT_VERSION = 1;
				DEVELOPMENT_TEAM = NPLL7F7QM5;
				GENERATE_INFOPLIST_FILE = YES;
				IPHONEOS_DEPLOYMENT_TARGET = 17.5;
				MARKETING_VERSION = 1.0;
				PRODUCT_BUNDLE_IDENTIFIER = "ghp-DSlLt2eMqimaDEo85zw1h4P0004cIZ16vrwq.Cyber-EdTests";
				PRODUCT_NAME = "$(TARGET_NAME)";
				SWIFT_EMIT_LOC_STRINGS = NO;
				SWIFT_VERSION = 5.0;
				TARGETED_DEVICE_FAMILY = "1,2";
				TEST_HOST = "$(BUILT_PRODUCTS_DIR)/Cyber Ed.app/$(BUNDLE_EXECUTABLE_FOLDER_PATH)/Cyber Ed";
			};
			name = Debug;
		};
		6331343C2C16A671006229B8 /* Release */ = {
			isa = XCBuildConfiguration;
			buildSettings = {
				ALWAYS_EMBED_SWIFT_STANDARD_LIBRARIES = YES;
				BUNDLE_LOADER = "$(TEST_HOST)";
				CODE_SIGN_STYLE = Automatic;
				CURRENT_PROJECT_VERSION = 1;
				DEVELOPMENT_TEAM = NPLL7F7QM5;
				GENERATE_INFOPLIST_FILE = YES;
				IPHONEOS_DEPLOYMENT_TARGET = 17.5;
				MARKETING_VERSION = 1.0;
				PRODUCT_BUNDLE_IDENTIFIER = "ghp-DSlLt2eMqimaDEo85zw1h4P0004cIZ16vrwq.Cyber-EdTests";
				PRODUCT_NAME = "$(TARGET_NAME)";
				SWIFT_EMIT_LOC_STRINGS = NO;
				SWIFT_VERSION = 5.0;
				TARGETED_DEVICE_FAMILY = "1,2";
				TEST_HOST = "$(BUILT_PRODUCTS_DIR)/Cyber Ed.app/$(BUNDLE_EXECUTABLE_FOLDER_PATH)/Cyber Ed";
			};
			name = Release;
		};
		6331343E2C16A671006229B8 /* Debug */ = {
			isa = XCBuildConfiguration;
			buildSettings = {
				ALWAYS_EMBED_SWIFT_STANDARD_LIBRARIES = YES;
				CODE_SIGN_STYLE = Automatic;
				CURRENT_PROJECT_VERSION = 1;
				DEVELOPMENT_TEAM = NPLL7F7QM5;
				GENERATE_INFOPLIST_FILE = YES;
				MARKETING_VERSION = 1.0;
				PRODUCT_BUNDLE_IDENTIFIER = "ghp-DSlLt2eMqimaDEo85zw1h4P0004cIZ16vrwq.Cyber-EdUITests";
				PRODUCT_NAME = "$(TARGET_NAME)";
				SWIFT_EMIT_LOC_STRINGS = NO;
				SWIFT_VERSION = 5.0;
				TARGETED_DEVICE_FAMILY = "1,2";
				TEST_TARGET_NAME = "Cyber Ed";
			};
			name = Debug;
		};
		6331343F2C16A671006229B8 /* Release */ = {
			isa = XCBuildConfiguration;
			buildSettings = {
				ALWAYS_EMBED_SWIFT_STANDARD_LIBRARIES = YES;
				CODE_SIGN_STYLE = Automatic;
				CURRENT_PROJECT_VERSION = 1;
				DEVELOPMENT_TEAM = NPLL7F7QM5;
				GENERATE_INFOPLIST_FILE = YES;
				MARKETING_VERSION = 1.0;
				PRODUCT_BUNDLE_IDENTIFIER = "ghp-DSlLt2eMqimaDEo85zw1h4P0004cIZ16vrwq.Cyber-EdUITests";
				PRODUCT_NAME = "$(TARGET_NAME)";
				SWIFT_EMIT_LOC_STRINGS = NO;
				SWIFT_VERSION = 5.0;
				TARGETED_DEVICE_FAMILY = "1,2";
				TEST_TARGET_NAME = "Cyber Ed";
			};
			name = Release;
		};
/* End XCBuildConfiguration section */

/* Begin XCConfigurationList section */
		6331340C2C16A66F006229B8 /* Build configuration list for PBXProject "Cyber Ed" */ = {
			isa = XCConfigurationList;
			buildConfigurations = (
				633134352C16A671006229B8 /* Debug */,
				633134362C16A671006229B8 /* Release */,
			);
			defaultConfigurationIsVisible = 0;
			defaultConfigurationName = Release;
		};
		633134372C16A671006229B8 /* Build configuration list for PBXNativeTarget "Cyber Ed" */ = {
			isa = XCConfigurationList;
			buildConfigurations = (
				633134382C16A671006229B8 /* Debug */,
				633134392C16A671006229B8 /* Release */,
			);
			defaultConfigurationIsVisible = 0;
			defaultConfigurationName = Release;
		};
		6331343A2C16A671006229B8 /* Build configuration list for PBXNativeTarget "Cyber EdTests" */ = {
			isa = XCConfigurationList;
			buildConfigurations = (
				6331343B2C16A671006229B8 /* Debug */,
				6331343C2C16A671006229B8 /* Release */,
			);
			defaultConfigurationIsVisible = 0;
			defaultConfigurationName = Release;
		};
		6331343D2C16A671006229B8 /* Build configuration list for PBXNativeTarget "Cyber EdUITests" */ = {
			isa = XCConfigurationList;
			buildConfigurations = (
				6331343E2C16A671006229B8 /* Debug */,
				6331343F2C16A671006229B8 /* Release */,
			);
			defaultConfigurationIsVisible = 0;
			defaultConfigurationName = Release;
		};
/* End XCConfigurationList section */
	};
	rootObject = 633134092C16A66F006229B8 /* Project object */;
}
